{
  "name": "Lektion 3 - embeddings sample",
  "lockfileVersion": 3,
  "requires": true,
  "packages": {
    "": {
      "dependencies": {
        "@huggingface/inference": "^3.0.0",
        "dotenv": "^16.4.7"
      }
    },
    "node_modules/@huggingface/inference": {
      "version": "3.0.0",
      "resolved": "https://registry.npmjs.org/@huggingface/inference/-/inference-3.0.0.tgz",
      "integrity": "sha512-Jqbny7LnesUBpPyus5sEw5gdD3DXrP1IoiQUHGJSD2yzvUSr+XRIH9gBdx9HarL44/P7R8zUwS3hjcEcpqFFig==",
      "license": "MIT",
      "dependencies": {
        "@huggingface/tasks": "^0.13.16"
      },
      "engines": {
        "node": ">=18"
      }
    },
    "node_modules/@huggingface/tasks": {
      "version": "0.13.16",
      "resolved": "https://registry.npmjs.org/@huggingface/tasks/-/tasks-0.13.16.tgz",
      "integrity": "sha512-2kniw63zvyBOPzMWGMbLvTLJkUHhr+nRcvh/qC5g3AfHdqCjs22+6CsUgSKFn2wnEAoJV3W6GiOUAPud4kMxFA==",
      "license": "MIT"
    },
    "node_modules/dotenv": {
      "version": "16.4.7",
      "resolved": "https://registry.npmjs.org/dotenv/-/dotenv-16.4.7.tgz",
      "integrity": "sha512-47qPchRCykZC03FhkYAhrvwU4xDBFIj1QPqaarj6mdM/hgUzfPHcpkHJOn3mJAufFeeAxAzeGsr5X0M4k6fLZQ==",
      "license": "BSD-2-Clause",
      "engines": {
        "node": ">=12"
      },
      "funding": {
        "url": "https://dotenvx.com"
      }
    }
  }
}
