{
  "name": "prerecorded",
  "lockfileVersion": 3,
  "requires": true,
  "packages": {
    "": {
      "dependencies": {
        "@huggingface/inference": "^3.1.6",
        "dotenv": "^16.4.7"
      }
    },
    "node_modules/@huggingface/inference": {
      "version": "3.1.6",
      "resolved": "https://registry.npmjs.org/@huggingface/inference/-/inference-3.1.6.tgz",
      "integrity": "sha512-lHEVaY67CrHgyiMSwt0yKI8KS+IFRkP9OBnW8WMTGzSDCYjizcCraCW8Dk4I9g7f3ELvSSjQFS2YMfThqt57FQ==",
      "license": "MIT",
      "dependencies": {
        "@huggingface/tasks": "^0.15.7"
      },
      "engines": {
        "node": ">=18"
      }
    },
    "node_modules/@huggingface/tasks": {
      "version": "0.15.8",
      "resolved": "https://registry.npmjs.org/@huggingface/tasks/-/tasks-0.15.8.tgz",
      "integrity": "sha512-jhnlWFviwe5PHTiOpcUeyzm7N4eJQgrGT6wH9Ef+uvnga4WVBU1xF35jYgbqwCjVH8adGjfuMC0lL5BF9r6G0w==",
      "license": "MIT"
    },
    "node_modules/dotenv": {
      "version": "16.4.7",
      "resolved": "https://registry.npmjs.org/dotenv/-/dotenv-16.4.7.tgz",
      "integrity": "sha512-47qPchRCykZC03FhkYAhrvwU4xDBFIj1QPqaarj6mdM/hgUzfPHcpkHJOn3mJAufFeeAxAzeGsr5X0M4k6fLZQ==",
      "license": "BSD-2-Clause",
      "engines": {
        "node": ">=12"
      },
      "funding": {
        "url": "https://dotenvx.com"
      }
    }
  }
}
