{
  "name": "Prerecorded-lovable-copy",
  "lockfileVersion": 3,
  "requires": true,
  "packages": {
    "": {
      "dependencies": {
        "@google/generative-ai": "^0.24.0",
        "@huggingface/inference": "^3.5.2",
        "dotenv": "^16.4.7"
      }
    },
    "node_modules/@google/generative-ai": {
      "version": "0.24.0",
      "resolved": "https://registry.npmjs.org/@google/generative-ai/-/generative-ai-0.24.0.tgz",
      "integrity": "sha512-fnEITCGEB7NdX0BhoYZ/cq/7WPZ1QS5IzJJfC3Tg/OwkvBetMiVJciyaan297OvE4B9Jg1xvo0zIazX/9sGu1Q==",
      "license": "Apache-2.0",
      "engines": {
        "node": ">=18.0.0"
      }
    },
    "node_modules/@huggingface/inference": {
      "version": "3.5.2",
      "resolved": "https://registry.npmjs.org/@huggingface/inference/-/inference-3.5.2.tgz",
      "integrity": "sha512-MIB1iZTtTBclIFmRL2fbkoxZTuMjziezx87nUzzsPwCX96c+ciilWV+QQZOjOmBlx1ZrfSuJbhwZ1pylSENZnQ==",
      "license": "MIT",
      "dependencies": {
        "@huggingface/tasks": "^0.17.4"
      },
      "engines": {
        "node": ">=18"
      }
    },
    "node_modules/@huggingface/tasks": {
      "version": "0.17.5",
      "resolved": "https://registry.npmjs.org/@huggingface/tasks/-/tasks-0.17.5.tgz",
      "integrity": "sha512-XpXNScVnclk4+QNTYZ7hu6XiOn10liAkt/PGlNWblRP4FZVi75PaXjVGMSaQS3AKFHcMy0RUZPxYYKoGxFWX/A==",
      "license": "MIT"
    },
    "node_modules/dotenv": {
      "version": "16.4.7",
      "resolved": "https://registry.npmjs.org/dotenv/-/dotenv-16.4.7.tgz",
      "integrity": "sha512-47qPchRCykZC03FhkYAhrvwU4xDBFIj1QPqaarj6mdM/hgUzfPHcpkHJOn3mJAufFeeAxAzeGsr5X0M4k6fLZQ==",
      "license": "BSD-2-Clause",
      "engines": {
        "node": ">=12"
      },
      "funding": {
        "url": "https://dotenvx.com"
      }
    }
  }
}
